
Microsoft Visual Studio Solution File, Format Version 12.00
# Visual Studio Version 17
VisualStudioVersion = 17.5.33530.505
MinimumVisualStudioVersion = 10.0.40219.1
Project("{8BC9CEB8-8B4A-11D0-8D11-00A0C91BC942}") = "Vector2", "Vector2\Vector2.vcxproj", "{EB994C37-0446-447A-A526-D56CFD93E50A}"
EndProject
Project("{8BC9CEB8-8B4A-11D0-8D11-00A0C91BC942}") = "Vector2Test", "Vector2Test\Vector2Test.vcxproj", "{89D3E7BF-25B0-4F12-A51C-61291C432E0B}"
EndProject
Project("{8BC9CEB8-8B4A-11D0-8D11-00A0C91BC942}") = "HTMLDecode", "HTMLDecode\HTMLDecode.vcxproj", "{E3D409F3-BA58-4741-B0D2-ABC55E63AE33}"
EndProject
Global
	GlobalSection(SolutionConfigurationPlatforms) = preSolution
		Debug|x64 = Debug|x64
		Debug|x86 = Debug|x86
		Release|x64 = Release|x64
		Release|x86 = Release|x86
	EndGlobalSection
	GlobalSection(ProjectConfigurationPlatforms) = postSolution
		{EB994C37-0446-447A-A526-D56CFD93E50A}.Debug|x64.ActiveCfg = Debug|x64
		{EB994C37-0446-447A-A526-D56CFD93E50A}.Debug|x64.Build.0 = Debug|x64
		{EB994C37-0446-447A-A526-D56CFD93E50A}.Debug|x86.ActiveCfg = Debug|Win32
		{EB994C37-0446-447A-A526-D56CFD93E50A}.Debug|x86.Build.0 = Debug|Win32
		{EB994C37-0446-447A-A526-D56CFD93E50A}.Release|x64.ActiveCfg = Release|x64
		{EB994C37-0446-447A-A526-D56CFD93E50A}.Release|x64.Build.0 = Release|x64
		{EB994C37-0446-447A-A526-D56CFD93E50A}.Release|x86.ActiveCfg = Release|Win32
		{EB994C37-0446-447A-A526-D56CFD93E50A}.Release|x86.Build.0 = Release|Win32
		{89D3E7BF-25B0-4F12-A51C-61291C432E0B}.Debug|x64.ActiveCfg = Debug|x64
		{89D3E7BF-25B0-4F12-A51C-61291C432E0B}.Debug|x64.Build.0 = Debug|x64
		{89D3E7BF-25B0-4F12-A51C-61291C432E0B}.Debug|x86.ActiveCfg = Debug|Win32
		{89D3E7BF-25B0-4F12-A51C-61291C432E0B}.Debug|x86.Build.0 = Debug|Win32
		{89D3E7BF-25B0-4F12-A51C-61291C432E0B}.Release|x64.ActiveCfg = Release|x64
		{89D3E7BF-25B0-4F12-A51C-61291C432E0B}.Release|x64.Build.0 = Release|x64
		{89D3E7BF-25B0-4F12-A51C-61291C432E0B}.Release|x86.ActiveCfg = Release|Win32
		{89D3E7BF-25B0-4F12-A51C-61291C432E0B}.Release|x86.Build.0 = Release|Win32
		{E3D409F3-BA58-4741-B0D2-ABC55E63AE33}.Debug|x64.ActiveCfg = Debug|x64
		{E3D409F3-BA58-4741-B0D2-ABC55E63AE33}.Debug|x64.Build.0 = Debug|x64
		{E3D409F3-BA58-4741-B0D2-ABC55E63AE33}.Debug|x86.ActiveCfg = Debug|Win32
		{E3D409F3-BA58-4741-B0D2-ABC55E63AE33}.Debug|x86.Build.0 = Debug|Win32
		{E3D409F3-BA58-4741-B0D2-ABC55E63AE33}.Release|x64.ActiveCfg = Release|x64
		{E3D409F3-BA58-4741-B0D2-ABC55E63AE33}.Release|x64.Build.0 = Release|x64
		{E3D409F3-BA58-4741-B0D2-ABC55E63AE33}.Release|x86.ActiveCfg = Release|Win32
		{E3D409F3-BA58-4741-B0D2-ABC55E63AE33}.Release|x86.Build.0 = Release|Win32
	EndGlobalSection
	GlobalSection(SolutionProperties) = preSolution
		HideSolutionNode = FALSE
	EndGlobalSection
	GlobalSection(ExtensibilityGlobals) = postSolution
		SolutionGuid = {BCB09BFE-CD50-41B9-9867-DDA3E3B287A4}
	EndGlobalSection
EndGlobal
